
Microsoft Visual Studio Solution File, Format Version 12.00
Project("{FAE04EC0-301F-11D3-BF4B-00C04F79EFBC}") = "GlideNGlow.Core.Data", "GlideNGlow.Core.Data\GlideNGlow.Core.Data.csproj", "{FDF095C4-3122-4415-AA6E-4677A3A03666}"
EndProject
Project("{2150E333-8FDC-42A3-9474-1A3956D46DE8}") = "Core", "Core", "{6DC75EFE-4C31-48A5-AB13-CBD1025BE029}"
EndProject
Project("{2150E333-8FDC-42A3-9474-1A3956D46DE8}") = "Ui", "Ui", "{CD2AEAE4-EF9C-427F-AF88-9BE39D23FE24}"
EndProject
Project("{FAE04EC0-301F-11D3-BF4B-00C04F79EFBC}") = "GlideNGlow.Core.Models", "GlideNGlow.Core.Models\GlideNGlow.Core.Models.csproj", "{7AF9D2DB-FED4-4BAF-B63B-39ABCDD71ECE}"
EndProject
Project("{FAE04EC0-301F-11D3-BF4B-00C04F79EFBC}") = "GlideNGlow.Core.Services", "GlideNGlow.Core.Services\GlideNGlow.Core.Services.csproj", "{04A6B1D0-47F4-4568-8D0C-1941D6AEA9B9}"
EndProject
Project("{FAE04EC0-301F-11D3-BF4B-00C04F79EFBC}") = "GlideNGlow.Services", "GlideNGlow.Services\GlideNGlow.Services.csproj", "{F3D7BF2B-7759-48A3-9A23-EB5F36A098B4}"
EndProject
Project("{2150E333-8FDC-42A3-9474-1A3956D46DE8}") = "Common", "Common", "{2B1D85BA-8E7A-4B83-9774-232D092B7363}"
EndProject
Project("{FAE04EC0-301F-11D3-BF4B-00C04F79EFBC}") = "Microsoft.Extensions.Options.Implementations", "Microsoft.Extensions.Options.Implementations\Microsoft.Extensions.Options.Implementations.csproj", "{AFFB1BEE-5356-43BB-A89C-5629754690F7}"
EndProject
Project("{FAE04EC0-301F-11D3-BF4B-00C04F79EFBC}") = "GlideNGlow.Mqtt.Handlers", "GlideNGlow.Mqtt.Handlers\GlideNGlow.Mqtt.Handlers.csproj", "{3868AFFD-91B8-4FE3-A93A-2D5CF384CCA0}"
EndProject
Project("{FAE04EC0-301F-11D3-BF4B-00C04F79EFBC}") = "GlideNGlow.Common.Models", "GlideNGlow.Common.Models\GlideNGlow.Common.Models.csproj", "{4B6444D0-22E1-4547-99F0-D4E1F3614A9F}"
EndProject
Project("{FAE04EC0-301F-11D3-BF4B-00C04F79EFBC}") = "GlideNGlow.Rendering.Models", "GlideNGlow.Rendering.Models\GlideNGlow.Rendering.Models.csproj", "{F067562F-D2EF-421E-A751-CFFFBD9081AD}"
EndProject
Project("{FAE04EC0-301F-11D3-BF4B-00C04F79EFBC}") = "GlideNGlow.Gamemodes.Models", "GlideNGlow.Gamemodes.Models\GlideNGlow.Gamemodes.Models.csproj", "{7C4E4A03-EBBF-44F4-8E1B-E54E7E6A273D}"
EndProject
Project("{FAE04EC0-301F-11D3-BF4B-00C04F79EFBC}") = "GlideNGlow.Ui.WepApi", "GlideNGlow.Ui.WepApi\GlideNGlow.Ui.WepApi.csproj", "{D5519E86-A333-4C60-BA10-E44E3A5E51EE}"
EndProject
Project("{FAE04EC0-301F-11D3-BF4B-00C04F79EFBC}") = "GlideNGlow.Core.Dto", "GlideNGlow.Core.Dto\GlideNGlow.Core.Dto.csproj", "{AB01A1EA-E26D-484C-95A2-D51CC2AB31B9}"
EndProject
Project("{FAE04EC0-301F-11D3-BF4B-00C04F79EFBC}") = "GlideNGlow.Common.Extensions", "GlideNGlow.Common.Extensions\GlideNGlow.Common.Extensions.csproj", "{30B4ED4C-70D9-4333-B501-39173C26E8DD}"
EndProject
Project("{FAE04EC0-301F-11D3-BF4B-00C04F79EFBC}") = "GlideNGlow.Mqtt.Topics", "GlideNGlow.Mqtt.Topics\GlideNGlow.Mqtt.Topics.csproj", "{CCFF03B2-147F-40FB-9239-3F8EC3BFD687}"
EndProject
Project("{FAE04EC0-301F-11D3-BF4B-00C04F79EFBC}") = "GlideNGlow.Common.Abstractions", "GlideNGlow.Common.Abstractions\GlideNGlow.Common.Abstractions.csproj", "{F15F09AF-F4F7-4414-8A46-2AA2638D0178}"
EndProject
Project("{2150E333-8FDC-42A3-9474-1A3956D46DE8}") = "Gamemodes", "Gamemodes", "{01CAECD2-DB58-41C3-A20E-9BD84CF9D995}"
EndProject
Project("{2150E333-8FDC-42A3-9474-1A3956D46DE8}") = "Mqtt", "Mqtt", "{2B8C4A85-6E2B-4D7D-A4EE-0BF6FCF6151A}"
EndProject
Project("{2150E333-8FDC-42A3-9474-1A3956D46DE8}") = "Rendering", "Rendering", "{5E17F075-2A64-478F-9848-6A4EA0EB1D0E}"
EndProject
Project("{FAE04EC0-301F-11D3-BF4B-00C04F79EFBC}") = "", "GlideNGlow.Rendering.Handlers\GlideNGlow.Rendering.Handlers.csproj", "{C5C803CD-ED04-41BA-99F5-06A59B8FAE3F}"
EndProject
Project("{FAE04EC0-301F-11D3-BF4B-00C04F79EFBC}") = "GlideNGlow.Gamemodes.Handlers", "GlideNGlow.Gamemodes.Handlers\GlideNGlow.Gamemodes.Handlers.csproj", "{AF21A972-306F-4D4B-B4B3-66687B069A6D}"
EndProject
Project("{FAE04EC0-301F-11D3-BF4B-00C04F79EFBC}") = "GlideNGlow.Gamemodes.Modes", "GlideNGlow.Gamemodes.Modes\GlideNGlow.Gamemodes.Modes.csproj", "{B5A201D3-70D9-40B7-A5BD-505F152E3774}"
EndProject
Project("{2150E333-8FDC-42A3-9474-1A3956D46DE8}") = "Socket", "Socket", "{3AEDC067-90EA-4A0D-A12A-B71782BCD4C0}"
EndProject
Project("{FAE04EC0-301F-11D3-BF4B-00C04F79EFBC}") = "GlideNGlow.Socket", "GlideNGlow.Socket\GlideNGlow.Socket.csproj", "{ACD56752-C23E-4792-8A5A-3A280EE62931}"
EndProject
Project("{FAE04EC0-301F-11D3-BF4B-00C04F79EFBC}") = "GlideNGlow.Gamemodes.Data", "GlideNGlow.Gamemodes.Data\GlideNGlow.Gamemodes.Data.csproj", "{F88B605A-C1D5-434D-A5F7-DE9934B2EFE9}"
EndProject
Global
	GlobalSection(SolutionConfigurationPlatforms) = preSolution
		Debug|Any CPU = Debug|Any CPU
		Release|Any CPU = Release|Any CPU
	EndGlobalSection
	GlobalSection(ProjectConfigurationPlatforms) = postSolution
		{FDF095C4-3122-4415-AA6E-4677A3A03666}.Debug|Any CPU.ActiveCfg = Debug|Any CPU
		{FDF095C4-3122-4415-AA6E-4677A3A03666}.Debug|Any CPU.Build.0 = Debug|Any CPU
		{FDF095C4-3122-4415-AA6E-4677A3A03666}.Release|Any CPU.ActiveCfg = Release|Any CPU
		{FDF095C4-3122-4415-AA6E-4677A3A03666}.Release|Any CPU.Build.0 = Release|Any CPU
		{7AF9D2DB-FED4-4BAF-B63B-39ABCDD71ECE}.Debug|Any CPU.ActiveCfg = Debug|Any CPU
		{7AF9D2DB-FED4-4BAF-B63B-39ABCDD71ECE}.Debug|Any CPU.Build.0 = Debug|Any CPU
		{7AF9D2DB-FED4-4BAF-B63B-39ABCDD71ECE}.Release|Any CPU.ActiveCfg = Release|Any CPU
		{7AF9D2DB-FED4-4BAF-B63B-39ABCDD71ECE}.Release|Any CPU.Build.0 = Release|Any CPU
		{04A6B1D0-47F4-4568-8D0C-1941D6AEA9B9}.Debug|Any CPU.ActiveCfg = Debug|Any CPU
		{04A6B1D0-47F4-4568-8D0C-1941D6AEA9B9}.Debug|Any CPU.Build.0 = Debug|Any CPU
		{04A6B1D0-47F4-4568-8D0C-1941D6AEA9B9}.Release|Any CPU.ActiveCfg = Release|Any CPU
		{04A6B1D0-47F4-4568-8D0C-1941D6AEA9B9}.Release|Any CPU.Build.0 = Release|Any CPU
		{F3D7BF2B-7759-48A3-9A23-EB5F36A098B4}.Debug|Any CPU.ActiveCfg = Debug|Any CPU
		{F3D7BF2B-7759-48A3-9A23-EB5F36A098B4}.Debug|Any CPU.Build.0 = Debug|Any CPU
		{F3D7BF2B-7759-48A3-9A23-EB5F36A098B4}.Release|Any CPU.ActiveCfg = Release|Any CPU
		{F3D7BF2B-7759-48A3-9A23-EB5F36A098B4}.Release|Any CPU.Build.0 = Release|Any CPU
		{AFFB1BEE-5356-43BB-A89C-5629754690F7}.Debug|Any CPU.ActiveCfg = Debug|Any CPU
		{AFFB1BEE-5356-43BB-A89C-5629754690F7}.Debug|Any CPU.Build.0 = Debug|Any CPU
		{AFFB1BEE-5356-43BB-A89C-5629754690F7}.Release|Any CPU.ActiveCfg = Release|Any CPU
		{AFFB1BEE-5356-43BB-A89C-5629754690F7}.Release|Any CPU.Build.0 = Release|Any CPU
		{3868AFFD-91B8-4FE3-A93A-2D5CF384CCA0}.Debug|Any CPU.ActiveCfg = Debug|Any CPU
		{3868AFFD-91B8-4FE3-A93A-2D5CF384CCA0}.Debug|Any CPU.Build.0 = Debug|Any CPU
		{3868AFFD-91B8-4FE3-A93A-2D5CF384CCA0}.Release|Any CPU.ActiveCfg = Release|Any CPU
		{3868AFFD-91B8-4FE3-A93A-2D5CF384CCA0}.Release|Any CPU.Build.0 = Release|Any CPU
		{4B6444D0-22E1-4547-99F0-D4E1F3614A9F}.Debug|Any CPU.ActiveCfg = Debug|Any CPU
		{4B6444D0-22E1-4547-99F0-D4E1F3614A9F}.Debug|Any CPU.Build.0 = Debug|Any CPU
		{4B6444D0-22E1-4547-99F0-D4E1F3614A9F}.Release|Any CPU.ActiveCfg = Release|Any CPU
		{4B6444D0-22E1-4547-99F0-D4E1F3614A9F}.Release|Any CPU.Build.0 = Release|Any CPU
		{F067562F-D2EF-421E-A751-CFFFBD9081AD}.Debug|Any CPU.ActiveCfg = Debug|Any CPU
		{F067562F-D2EF-421E-A751-CFFFBD9081AD}.Debug|Any CPU.Build.0 = Debug|Any CPU
		{F067562F-D2EF-421E-A751-CFFFBD9081AD}.Release|Any CPU.ActiveCfg = Release|Any CPU
		{F067562F-D2EF-421E-A751-CFFFBD9081AD}.Release|Any CPU.Build.0 = Release|Any CPU
		{7C4E4A03-EBBF-44F4-8E1B-E54E7E6A273D}.Debug|Any CPU.ActiveCfg = Debug|Any CPU
		{7C4E4A03-EBBF-44F4-8E1B-E54E7E6A273D}.Debug|Any CPU.Build.0 = Debug|Any CPU
		{7C4E4A03-EBBF-44F4-8E1B-E54E7E6A273D}.Release|Any CPU.ActiveCfg = Release|Any CPU
		{7C4E4A03-EBBF-44F4-8E1B-E54E7E6A273D}.Release|Any CPU.Build.0 = Release|Any CPU
		{D5519E86-A333-4C60-BA10-E44E3A5E51EE}.Debug|Any CPU.ActiveCfg = Debug|Any CPU
		{D5519E86-A333-4C60-BA10-E44E3A5E51EE}.Debug|Any CPU.Build.0 = Debug|Any CPU
		{D5519E86-A333-4C60-BA10-E44E3A5E51EE}.Release|Any CPU.ActiveCfg = Release|Any CPU
		{D5519E86-A333-4C60-BA10-E44E3A5E51EE}.Release|Any CPU.Build.0 = Release|Any CPU
		{AB01A1EA-E26D-484C-95A2-D51CC2AB31B9}.Debug|Any CPU.ActiveCfg = Debug|Any CPU
		{AB01A1EA-E26D-484C-95A2-D51CC2AB31B9}.Debug|Any CPU.Build.0 = Debug|Any CPU
		{AB01A1EA-E26D-484C-95A2-D51CC2AB31B9}.Release|Any CPU.ActiveCfg = Release|Any CPU
		{AB01A1EA-E26D-484C-95A2-D51CC2AB31B9}.Release|Any CPU.Build.0 = Release|Any CPU
		{30B4ED4C-70D9-4333-B501-39173C26E8DD}.Debug|Any CPU.ActiveCfg = Debug|Any CPU
		{30B4ED4C-70D9-4333-B501-39173C26E8DD}.Debug|Any CPU.Build.0 = Debug|Any CPU
		{30B4ED4C-70D9-4333-B501-39173C26E8DD}.Release|Any CPU.ActiveCfg = Release|Any CPU
		{30B4ED4C-70D9-4333-B501-39173C26E8DD}.Release|Any CPU.Build.0 = Release|Any CPU
		{CCFF03B2-147F-40FB-9239-3F8EC3BFD687}.Debug|Any CPU.ActiveCfg = Debug|Any CPU
		{CCFF03B2-147F-40FB-9239-3F8EC3BFD687}.Debug|Any CPU.Build.0 = Debug|Any CPU
		{CCFF03B2-147F-40FB-9239-3F8EC3BFD687}.Release|Any CPU.ActiveCfg = Release|Any CPU
		{CCFF03B2-147F-40FB-9239-3F8EC3BFD687}.Release|Any CPU.Build.0 = Release|Any CPU
		{F15F09AF-F4F7-4414-8A46-2AA2638D0178}.Debug|Any CPU.ActiveCfg = Debug|Any CPU
		{F15F09AF-F4F7-4414-8A46-2AA2638D0178}.Debug|Any CPU.Build.0 = Debug|Any CPU
		{F15F09AF-F4F7-4414-8A46-2AA2638D0178}.Release|Any CPU.ActiveCfg = Release|Any CPU
		{F15F09AF-F4F7-4414-8A46-2AA2638D0178}.Release|Any CPU.Build.0 = Release|Any CPU
		{C5C803CD-ED04-41BA-99F5-06A59B8FAE3F}.Debug|Any CPU.ActiveCfg = Debug|Any CPU
		{C5C803CD-ED04-41BA-99F5-06A59B8FAE3F}.Debug|Any CPU.Build.0 = Debug|Any CPU
		{C5C803CD-ED04-41BA-99F5-06A59B8FAE3F}.Release|Any CPU.ActiveCfg = Release|Any CPU
		{C5C803CD-ED04-41BA-99F5-06A59B8FAE3F}.Release|Any CPU.Build.0 = Release|Any CPU
		{AF21A972-306F-4D4B-B4B3-66687B069A6D}.Debug|Any CPU.ActiveCfg = Debug|Any CPU
		{AF21A972-306F-4D4B-B4B3-66687B069A6D}.Debug|Any CPU.Build.0 = Debug|Any CPU
		{AF21A972-306F-4D4B-B4B3-66687B069A6D}.Release|Any CPU.ActiveCfg = Release|Any CPU
		{AF21A972-306F-4D4B-B4B3-66687B069A6D}.Release|Any CPU.Build.0 = Release|Any CPU
		{B5A201D3-70D9-40B7-A5BD-505F152E3774}.Debug|Any CPU.ActiveCfg = Debug|Any CPU
		{B5A201D3-70D9-40B7-A5BD-505F152E3774}.Debug|Any CPU.Build.0 = Debug|Any CPU
		{B5A201D3-70D9-40B7-A5BD-505F152E3774}.Release|Any CPU.ActiveCfg = Release|Any CPU
		{B5A201D3-70D9-40B7-A5BD-505F152E3774}.Release|Any CPU.Build.0 = Release|Any CPU
		{ACD56752-C23E-4792-8A5A-3A280EE62931}.Debug|Any CPU.ActiveCfg = Debug|Any CPU
		{ACD56752-C23E-4792-8A5A-3A280EE62931}.Debug|Any CPU.Build.0 = Debug|Any CPU
		{ACD56752-C23E-4792-8A5A-3A280EE62931}.Release|Any CPU.ActiveCfg = Release|Any CPU
		{ACD56752-C23E-4792-8A5A-3A280EE62931}.Release|Any CPU.Build.0 = Release|Any CPU
		{F88B605A-C1D5-434D-A5F7-DE9934B2EFE9}.Debug|Any CPU.ActiveCfg = Debug|Any CPU
		{F88B605A-C1D5-434D-A5F7-DE9934B2EFE9}.Debug|Any CPU.Build.0 = Debug|Any CPU
		{F88B605A-C1D5-434D-A5F7-DE9934B2EFE9}.Release|Any CPU.ActiveCfg = Release|Any CPU
		{F88B605A-C1D5-434D-A5F7-DE9934B2EFE9}.Release|Any CPU.Build.0 = Release|Any CPU
	EndGlobalSection
	GlobalSection(NestedProjects) = preSolution
		{FDF095C4-3122-4415-AA6E-4677A3A03666} = {6DC75EFE-4C31-48A5-AB13-CBD1025BE029}
		{7AF9D2DB-FED4-4BAF-B63B-39ABCDD71ECE} = {6DC75EFE-4C31-48A5-AB13-CBD1025BE029}
		{04A6B1D0-47F4-4568-8D0C-1941D6AEA9B9} = {6DC75EFE-4C31-48A5-AB13-CBD1025BE029}
		{AFFB1BEE-5356-43BB-A89C-5629754690F7} = {2B1D85BA-8E7A-4B83-9774-232D092B7363}
		{4B6444D0-22E1-4547-99F0-D4E1F3614A9F} = {2B1D85BA-8E7A-4B83-9774-232D092B7363}
		{D5519E86-A333-4C60-BA10-E44E3A5E51EE} = {CD2AEAE4-EF9C-427F-AF88-9BE39D23FE24}
		{AB01A1EA-E26D-484C-95A2-D51CC2AB31B9} = {6DC75EFE-4C31-48A5-AB13-CBD1025BE029}
		{30B4ED4C-70D9-4333-B501-39173C26E8DD} = {2B1D85BA-8E7A-4B83-9774-232D092B7363}
		{F15F09AF-F4F7-4414-8A46-2AA2638D0178} = {2B1D85BA-8E7A-4B83-9774-232D092B7363}
		{7C4E4A03-EBBF-44F4-8E1B-E54E7E6A273D} = {01CAECD2-DB58-41C3-A20E-9BD84CF9D995}
		{3868AFFD-91B8-4FE3-A93A-2D5CF384CCA0} = {2B8C4A85-6E2B-4D7D-A4EE-0BF6FCF6151A}
		{C5C803CD-ED04-41BA-99F5-06A59B8FAE3F} = {5E17F075-2A64-478F-9848-6A4EA0EB1D0E}
		{F067562F-D2EF-421E-A751-CFFFBD9081AD} = {5E17F075-2A64-478F-9848-6A4EA0EB1D0E}
		{CCFF03B2-147F-40FB-9239-3F8EC3BFD687} = {2B8C4A85-6E2B-4D7D-A4EE-0BF6FCF6151A}
		{AF21A972-306F-4D4B-B4B3-66687B069A6D} = {01CAECD2-DB58-41C3-A20E-9BD84CF9D995}
		{B5A201D3-70D9-40B7-A5BD-505F152E3774} = {01CAECD2-DB58-41C3-A20E-9BD84CF9D995}
		{F3D7BF2B-7759-48A3-9A23-EB5F36A098B4} = {6DC75EFE-4C31-48A5-AB13-CBD1025BE029}
		{ACD56752-C23E-4792-8A5A-3A280EE62931} = {3AEDC067-90EA-4A0D-A12A-B71782BCD4C0}
		{F88B605A-C1D5-434D-A5F7-DE9934B2EFE9} = {01CAECD2-DB58-41C3-A20E-9BD84CF9D995}
	EndGlobalSection
EndGlobal
